
Microsoft Visual Studio Solution File, Format Version 12.00
# Visual Studio Version 17
VisualStudioVersion = 17.8.34601.278
MinimumVisualStudioVersion = 10.0.40219.1
Project("{9A19103F-16F7-4668-BE54-9A1E7A4F7556}") = "TESTLivINParis", "TESTLivINParis\TESTLivINParis.csproj", "{645138AC-B73F-4503-BF11-6246B8945E3A}"
EndProject
Project("{FAE04EC0-301F-11D3-BF4B-00C04F79EFBC}") = "TestUnitaire", "TestUnitaire\TestUnitaire.csproj", "{4516AE39-4C85-442F-8039-24ED45F5A647}"
EndProject
Global
	GlobalSection(SolutionConfigurationPlatforms) = preSolution
		Debug|Any CPU = Debug|Any CPU
		Release|Any CPU = Release|Any CPU
	EndGlobalSection
	GlobalSection(ProjectConfigurationPlatforms) = postSolution
		{645138AC-B73F-4503-BF11-6246B8945E3A}.Debug|Any CPU.ActiveCfg = Debug|Any CPU
		{645138AC-B73F-4503-BF11-6246B8945E3A}.Debug|Any CPU.Build.0 = Debug|Any CPU
		{645138AC-B73F-4503-BF11-6246B8945E3A}.Release|Any CPU.ActiveCfg = Release|Any CPU
		{645138AC-B73F-4503-BF11-6246B8945E3A}.Release|Any CPU.Build.0 = Release|Any CPU
		{4516AE39-4C85-442F-8039-24ED45F5A647}.Debug|Any CPU.ActiveCfg = Debug|Any CPU
		{4516AE39-4C85-442F-8039-24ED45F5A647}.Debug|Any CPU.Build.0 = Debug|Any CPU
		{4516AE39-4C85-442F-8039-24ED45F5A647}.Release|Any CPU.ActiveCfg = Release|Any CPU
		{4516AE39-4C85-442F-8039-24ED45F5A647}.Release|Any CPU.Build.0 = Release|Any CPU
	EndGlobalSection
	GlobalSection(SolutionProperties) = preSolution
		HideSolutionNode = FALSE
	EndGlobalSection
	GlobalSection(ExtensibilityGlobals) = postSolution
		SolutionGuid = {807B5937-85BA-4A80-BD2C-D057C208BF9A}
	EndGlobalSection
EndGlobal
